
Microsoft Visual Studio Solution File, Format Version 12.00
Project("{FAE04EC0-301F-11D3-BF4B-00C04F79EFBC}") = "FliegenPilz", "FliegenPilz\FliegenPilz.csproj", "{796ECF16-46C6-4409-983C-3623EDA58AE6}"
EndProject
Project("{FAE04EC0-301F-11D3-BF4B-00C04F79EFBC}") = "FliegenPilz.Tests", "FliegenPilz.Tests\FliegenPilz.Tests.csproj", "{F10748E6-2E10-4705-B3B0-FD015AF3638D}"
EndProject
Global
	GlobalSection(SolutionConfigurationPlatforms) = preSolution
		Debug|Any CPU = Debug|Any CPU
		Release|Any CPU = Release|Any CPU
	EndGlobalSection
	GlobalSection(ProjectConfigurationPlatforms) = postSolution
		{796ECF16-46C6-4409-983C-3623EDA58AE6}.Debug|Any CPU.ActiveCfg = Debug|Any CPU
		{796ECF16-46C6-4409-983C-3623EDA58AE6}.Debug|Any CPU.Build.0 = Debug|Any CPU
		{796ECF16-46C6-4409-983C-3623EDA58AE6}.Release|Any CPU.ActiveCfg = Release|Any CPU
		{796ECF16-46C6-4409-983C-3623EDA58AE6}.Release|Any CPU.Build.0 = Release|Any CPU
		{F10748E6-2E10-4705-B3B0-FD015AF3638D}.Debug|Any CPU.ActiveCfg = Debug|Any CPU
		{F10748E6-2E10-4705-B3B0-FD015AF3638D}.Debug|Any CPU.Build.0 = Debug|Any CPU
		{F10748E6-2E10-4705-B3B0-FD015AF3638D}.Release|Any CPU.ActiveCfg = Release|Any CPU
		{F10748E6-2E10-4705-B3B0-FD015AF3638D}.Release|Any CPU.Build.0 = Release|Any CPU
	EndGlobalSection
EndGlobal
